// !$*UTF8*$!
{
	archiveVersion = 1;
	classes = {
	};
	objectVersion = 46;
	objects = {

/* Begin PBXBuildFile section */
		3A11EF351CA9699C00AC86C0 /* AppDelegate.swift in Sources */ = {isa = PBXBuildFile; fileRef = 3A11EF341CA9699C00AC86C0 /* AppDelegate.swift */; };
		3A11EF371CA9699C00AC86C0 /* ViewController.swift in Sources */ = {isa = PBXBuildFile; fileRef = 3A11EF361CA9699C00AC86C0 /* ViewController.swift */; };
		3A11EF3A1CA9699C00AC86C0 /* Main.storyboard in Resources */ = {isa = PBXBuildFile; fileRef = 3A11EF381CA9699C00AC86C0 /* Main.storyboard */; };
		3A11EF3C1CA9699C00AC86C0 /* Assets.xcassets in Resources */ = {isa = PBXBuildFile; fileRef = 3A11EF3B1CA9699C00AC86C0 /* Assets.xcassets */; };
		3A11EF3F1CA9699C00AC86C0 /* LaunchScreen.storyboard in Resources */ = {isa = PBXBuildFile; fileRef = 3A11EF3D1CA9699C00AC86C0 /* LaunchScreen.storyboard */; };
		3A11EF4A1CA9699C00AC86C0 /* queens_swiftTests.swift in Sources */ = {isa = PBXBuildFile; fileRef = 3A11EF491CA9699C00AC86C0 /* queens_swiftTests.swift */; };
		3A11EF551CA9699C00AC86C0 /* queens_swiftUITests.swift in Sources */ = {isa = PBXBuildFile; fileRef = 3A11EF541CA9699C00AC86C0 /* queens_swiftUITests.swift */; };
/* End PBXBuildFile section */

/* Begin PBXContainerItemProxy section */
		3A11EF461CA9699C00AC86C0 /* PBXContainerItemProxy */ = {
			isa = PBXContainerItemProxy;
			containerPortal = 3A11EF291CA9699C00AC86C0 /* Project object */;
			proxyType = 1;
			remoteGlobalIDString = 3A11EF301CA9699C00AC86C0;
			remoteInfo = queens_swift;
		};
		3A11EF511CA9699C00AC86C0 /* PBXContainerItemProxy */ = {
			isa = PBXContainerItemProxy;
			containerPortal = 3A11EF291CA9699C00AC86C0 /* Project object */;
			proxyType = 1;
			remoteGlobalIDString = 3A11EF301CA9699C00AC86C0;
			remoteInfo = queens_swift;
		};
/* End PBXContainerItemProxy section */

/* Begin PBXFileReference section */
		3A11EF311CA9699C00AC86C0 /* queens_swift.app */ = {isa = PBXFileReference; explicitFileType = wrapper.application; includeInIndex = 0; path = queens_swift.app; sourceTree = BUILT_PRODUCTS_DIR; };
		3A11EF341CA9699C00AC86C0 /* AppDelegate.swift */ = {isa = PBXFileReference; lastKnownFileType = sourcecode.swift; path = AppDelegate.swift; sourceTree = "<group>"; };
		3A11EF361CA9699C00AC86C0 /* ViewController.swift */ = {isa = PBXFileReference; lastKnownFileType = sourcecode.swift; path = ViewController.swift; sourceTree = "<group>"; };
		3A11EF391CA9699C00AC86C0 /* Base */ = {isa = PBXFileReference; lastKnownFileType = file.storyboard; name = Base; path = Base.lproj/Main.storyboard; sourceTree = "<group>"; };
		3A11EF3B1CA9699C00AC86C0 /* Assets.xcassets */ = {isa = PBXFileReference; lastKnownFileType = folder.assetcatalog; path = Assets.xcassets; sourceTree = "<group>"; };
		3A11EF3E1CA9699C00AC86C0 /* Base */ = {isa = PBXFileReference; lastKnownFileType = file.storyboard; name = Base; path = Base.lproj/LaunchScreen.storyboard; sourceTree = "<group>"; };
		3A11EF401CA9699C00AC86C0 /* Info.plist */ = {isa = PBXFileReference; lastKnownFileType = text.plist.xml; path = Info.plist; sourceTree = "<group>"; };
		3A11EF451CA9699C00AC86C0 /* queens_swiftTests.xctest */ = {isa = PBXFileReference; explicitFileType = wrapper.cfbundle; includeInIndex = 0; path = queens_swiftTests.xctest; sourceTree = BUILT_PRODUCTS_DIR; };
		3A11EF491CA9699C00AC86C0 /* queens_swiftTests.swift */ = {isa = PBXFileReference; lastKnownFileType = sourcecode.swift; path = queens_swiftTests.swift; sourceTree = "<group>"; };
		3A11EF4B1CA9699C00AC86C0 /* Info.plist */ = {isa = PBXFileReference; lastKnownFileType = text.plist.xml; path = Info.plist; sourceTree = "<group>"; };
		3A11EF501CA9699C00AC86C0 /* queens_swiftUITests.xctest */ = {isa = PBXFileReference; explicitFileType = wrapper.cfbundle; includeInIndex = 0; path = queens_swiftUITests.xctest; sourceTree = BUILT_PRODUCTS_DIR; };
		3A11EF541CA9699C00AC86C0 /* queens_swiftUITests.swift */ = {isa = PBXFileReference; lastKnownFileType = sourcecode.swift; path = queens_swiftUITests.swift; sourceTree = "<group>"; };
		3A11EF561CA9699C00AC86C0 /* Info.plist */ = {isa = PBXFileReference; lastKnownFileType = text.plist.xml; path = Info.plist; sourceTree = "<group>"; };
/* End PBXFileReference section */

/* Begin PBXFrameworksBuildPhase section */
		3A11EF2E1CA9699C00AC86C0 /* Frameworks */ = {
			isa = PBXFrameworksBuildPhase;
			buildActionMask = 2147483647;
			files = (
			);
			runOnlyForDeploymentPostprocessing = 0;
		};
		3A11EF421CA9699C00AC86C0 /* Frameworks */ = {
			isa = PBXFrameworksBuildPhase;
			buildActionMask = 2147483647;
			files = (
			);
			runOnlyForDeploymentPostprocessing = 0;
		};
		3A11EF4D1CA9699C00AC86C0 /* Frameworks */ = {
			isa = PBXFrameworksBuildPhase;
			buildActionMask = 2147483647;
			files = (
			);
			runOnlyForDeploymentPostprocessing = 0;
		};
/* End PBXFrameworksBuildPhase section */

/* Begin PBXGroup section */
		3A11EF281CA9699C00AC86C0 = {
			isa = PBXGroup;
			children = (
				3A11EF331CA9699C00AC86C0 /* queens_swift */,
				3A11EF481CA9699C00AC86C0 /* queens_swiftTests */,
				3A11EF531CA9699C00AC86C0 /* queens_swiftUITests */,
				3A11EF321CA9699C00AC86C0 /* Products */,
			);
			sourceTree = "<group>";
		};
		3A11EF321CA9699C00AC86C0 /* Products */ = {
			isa = PBXGroup;
			children = (
				3A11EF311CA9699C00AC86C0 /* queens_swift.app */,
				3A11EF451CA9699C00AC86C0 /* queens_swiftTests.xctest */,
				3A11EF501CA9699C00AC86C0 /* queens_swiftUITests.xctest */,
			);
			name = Products;
			sourceTree = "<group>";
		};
		3A11EF331CA9699C00AC86C0 /* queens_swift */ = {
			isa = PBXGroup;
			children = (
				3A11EF341CA9699C00AC86C0 /* AppDelegate.swift */,
				3A11EF361CA9699C00AC86C0 /* ViewController.swift */,
				3A11EF381CA9699C00AC86C0 /* Main.storyboard */,
				3A11EF3B1CA9699C00AC86C0 /* Assets.xcassets */,
				3A11EF3D1CA9699C00AC86C0 /* LaunchScreen.storyboard */,
				3A11EF401CA9699C00AC86C0 /* Info.plist */,
			);
			path = queens_swift;
			sourceTree = "<group>";
		};
		3A11EF481CA9699C00AC86C0 /* queens_swiftTests */ = {
			isa = PBXGroup;
			children = (
				3A11EF491CA9699C00AC86C0 /* queens_swiftTests.swift */,
				3A11EF4B1CA9699C00AC86C0 /* Info.plist */,
			);
			path = queens_swiftTests;
			sourceTree = "<group>";
		};
		3A11EF531CA9699C00AC86C0 /* queens_swiftUITests */ = {
			isa = PBXGroup;
			children = (
				3A11EF541CA9699C00AC86C0 /* queens_swiftUITests.swift */,
				3A11EF561CA9699C00AC86C0 /* Info.plist */,
			);
			path = queens_swiftUITests;
			sourceTree = "<group>";
		};
/* End PBXGroup section */

/* Begin PBXNativeTarget section */
		3A11EF301CA9699C00AC86C0 /* queens_swift */ = {
			isa = PBXNativeTarget;
			buildConfigurationList = 3A11EF591CA9699C00AC86C0 /* Build configuration list for PBXNativeTarget "queens_swift" */;
			buildPhases = (
				3A11EF2D1CA9699C00AC86C0 /* Sources */,
				3A11EF2E1CA9699C00AC86C0 /* Frameworks */,
				3A11EF2F1CA9699C00AC86C0 /* Resources */,
			);
			buildRules = (
			);
			dependencies = (
			);
			name = queens_swift;
			productName = queens_swift;
			productReference = 3A11EF311CA9699C00AC86C0 /* queens_swift.app */;
			productType = "com.apple.product-type.application";
		};
		3A11EF441CA9699C00AC86C0 /* queens_swiftTests */ = {
			isa = PBXNativeTarget;
			buildConfigurationList = 3A11EF5C1CA9699C00AC86C0 /* Build configuration list for PBXNativeTarget "queens_swiftTests" */;
			buildPhases = (
				3A11EF411CA9699C00AC86C0 /* Sources */,
				3A11EF421CA9699C00AC86C0 /* Frameworks */,
				3A11EF431CA9699C00AC86C0 /* Resources */,
			);
			buildRules = (
			);
			dependencies = (
				3A11EF471CA9699C00AC86C0 /* PBXTargetDependency */,
			);
			name = queens_swiftTests;
			productName = queens_swiftTests;
			productReference = 3A11EF451CA9699C00AC86C0 /* queens_swiftTests.xctest */;
			productType = "com.apple.product-type.bundle.unit-test";
		};
		3A11EF4F1CA9699C00AC86C0 /* queens_swiftUITests */ = {
			isa = PBXNativeTarget;
			buildConfigurationList = 3A11EF5F1CA9699C00AC86C0 /* Build configuration list for PBXNativeTarget "queens_swiftUITests" */;
			buildPhases = (
				3A11EF4C1CA9699C00AC86C0 /* Sources */,
				3A11EF4D1CA9699C00AC86C0 /* Frameworks */,
				3A11EF4E1CA9699C00AC86C0 /* Resources */,
			);
			buildRules = (
			);
			dependencies = (
				3A11EF521CA9699C00AC86C0 /* PBXTargetDependency */,
			);
			name = queens_swiftUITests;
			productName = queens_swiftUITests;
			productReference = 3A11EF501CA9699C00AC86C0 /* queens_swiftUITests.xctest */;
			productType = "com.apple.product-type.bundle.ui-testing";
		};
/* End PBXNativeTarget section */

/* Begin PBXProject section */
		3A11EF291CA9699C00AC86C0 /* Project object */ = {
			isa = PBXProject;
			attributes = {
				LastSwiftUpdateCheck = 0730;
				LastUpgradeCheck = 0730;
				ORGANIZATIONNAME = "Liliya Sayfutdinova";
				TargetAttributes = {
					3A11EF301CA9699C00AC86C0 = {
						CreatedOnToolsVersion = 7.3;
					};
					3A11EF441CA9699C00AC86C0 = {
						CreatedOnToolsVersion = 7.3;
						TestTargetID = 3A11EF301CA9699C00AC86C0;
					};
					3A11EF4F1CA9699C00AC86C0 = {
						CreatedOnToolsVersion = 7.3;
						TestTargetID = 3A11EF301CA9699C00AC86C0;
					};
				};
			};
			buildConfigurationList = 3A11EF2C1CA9699C00AC86C0 /* Build configuration list for PBXProject "queens_swift" */;
			compatibilityVersion = "Xcode 3.2";
			developmentRegion = English;
			hasScannedForEncodings = 0;
			knownRegions = (
				en,
				Base,
			);
			mainGroup = 3A11EF281CA9699C00AC86C0;
			productRefGroup = 3A11EF321CA9699C00AC86C0 /* Products */;
			projectDirPath = "";
			projectRoot = "";
			targets = (
				3A11EF301CA9699C00AC86C0 /* queens_swift */,
				3A11EF441CA9699C00AC86C0 /* queens_swiftTests */,
				3A11EF4F1CA9699C00AC86C0 /* queens_swiftUITests */,
			);
		};
/* End PBXProject section */

/* Begin PBXResourcesBuildPhase section */
		3A11EF2F1CA9699C00AC86C0 /* Resources */ = {
			isa = PBXResourcesBuildPhase;
			buildActionMask = 2147483647;
			files = (
				3A11EF3F1CA9699C00AC86C0 /* LaunchScreen.storyboard in Resources */,
				3A11EF3C1CA9699C00AC86C0 /* Assets.xcassets in Resources */,
				3A11EF3A1CA9699C00AC86C0 /* Main.storyboard in Resources */,
			);
			runOnlyForDeploymentPostprocessing = 0;
		};
		3A11EF431CA9699C00AC86C0 /* Resources */ = {
			isa = PBXResourcesBuildPhase;
			buildActionMask = 2147483647;
			files = (
			);
			runOnlyForDeploymentPostprocessing = 0;
		};
		3A11EF4E1CA9699C00AC86C0 /* Resources */ = {
			isa = PBXResourcesBuildPhase;
			buildActionMask = 2147483647;
			files = (
			);
			runOnlyForDeploymentPostprocessing = 0;
		};
/* End PBXResourcesBuildPhase section */

/* Begin PBXSourcesBuildPhase section */
		3A11EF2D1CA9699C00AC86C0 /* Sources */ = {
			isa = PBXSourcesBuildPhase;
			buildActionMask = 2147483647;
			files = (
				3A11EF371CA9699C00AC86C0 /* ViewController.swift in Sources */,
				3A11EF351CA9699C00AC86C0 /* AppDelegate.swift in Sources */,
			);
			runOnlyForDeploymentPostprocessing = 0;
		};
		3A11EF411CA9699C00AC86C0 /* Sources */ = {
			isa = PBXSourcesBuildPhase;
			buildActionMask = 2147483647;
			files = (
				3A11EF4A1CA9699C00AC86C0 /* queens_swiftTests.swift in Sources */,
			);
			runOnlyForDeploymentPostprocessing = 0;
		};
		3A11EF4C1CA9699C00AC86C0 /* Sources */ = {
			isa = PBXSourcesBuildPhase;
			buildActionMask = 2147483647;
			files = (
				3A11EF551CA9699C00AC86C0 /* queens_swiftUITests.swift in Sources */,
			);
			runOnlyForDeploymentPostprocessing = 0;
		};
/* End PBXSourcesBuildPhase section */

/* Begin PBXTargetDependency section */
		3A11EF471CA9699C00AC86C0 /* PBXTargetDependency */ = {
			isa = PBXTargetDependency;
			target = 3A11EF301CA9699C00AC86C0 /* queens_swift */;
			targetProxy = 3A11EF461CA9699C00AC86C0 /* PBXContainerItemProxy */;
		};
		3A11EF521CA9699C00AC86C0 /* PBXTargetDependency */ = {
			isa = PBXTargetDependency;
			target = 3A11EF301CA9699C00AC86C0 /* queens_swift */;
			targetProxy = 3A11EF511CA9699C00AC86C0 /* PBXContainerItemProxy */;
		};
/* End PBXTargetDependency section */

/* Begin PBXVariantGroup section */
		3A11EF381CA9699C00AC86C0 /* Main.storyboard */ = {
			isa = PBXVariantGroup;
			children = (
				3A11EF391CA9699C00AC86C0 /* Base */,
			);
			name = Main.storyboard;
			sourceTree = "<group>";
		};
		3A11EF3D1CA9699C00AC86C0 /* LaunchScreen.storyboard */ = {
			isa = PBXVariantGroup;
			children = (
				3A11EF3E1CA9699C00AC86C0 /* Base */,
			);
			name = LaunchScreen.storyboard;
			sourceTree = "<group>";
		};
/* End PBXVariantGroup section */

/* Begin XCBuildConfiguration section */
		3A11EF571CA9699C00AC86C0 /* Debug */ = {
			isa = XCBuildConfiguration;
			buildSettings = {
				ALWAYS_SEARCH_USER_PATHS = NO;
				CLANG_ANALYZER_NONNULL = YES;
				CLANG_CXX_LANGUAGE_STANDARD = "gnu++0x";
				CLANG_CXX_LIBRARY = "libc++";
				CLANG_ENABLE_MODULES = YES;
				CLANG_ENABLE_OBJC_ARC = YES;
				CLANG_WARN_BOOL_CONVERSION = YES;
				CLANG_WARN_CONSTANT_CONVERSION = YES;
				CLANG_WARN_DIRECT_OBJC_ISA_USAGE = YES_ERROR;
				CLANG_WARN_EMPTY_BODY = YES;
				CLANG_WARN_ENUM_CONVERSION = YES;
				CLANG_WARN_INT_CONVERSION = YES;
				CLANG_WARN_OBJC_ROOT_CLASS = YES_ERROR;
				CLANG_WARN_UNREACHABLE_CODE = YES;
				CLANG_WARN__DUPLICATE_METHOD_MATCH = YES;
				"CODE_SIGN_IDENTITY[sdk=iphoneos*]" = "iPhone Developer";
				COPY_PHASE_STRIP = NO;
				DEBUG_INFORMATION_FORMAT = dwarf;
				ENABLE_STRICT_OBJC_MSGSEND = YES;
				ENABLE_TESTABILITY = YES;
				GCC_C_LANGUAGE_STANDARD = gnu99;
				GCC_DYNAMIC_NO_PIC = NO;
				GCC_NO_COMMON_BLOCKS = YES;
				GCC_OPTIMIZATION_LEVEL = 0;
				GCC_PREPROCESSOR_DEFINITIONS = (
					"DEBUG=1",
					"$(inherited)",
				);
				GCC_WARN_64_TO_32_BIT_CONVERSION = YES;
				GCC_WARN_ABOUT_RETURN_TYPE = YES_ERROR;
				GCC_WARN_UNDECLARED_SELECTOR = YES;
				GCC_WARN_UNINITIALIZED_AUTOS = YES_AGGRESSIVE;
				GCC_WARN_UNUSED_FUNCTION = YES;
				GCC_WARN_UNUSED_VARIABLE = YES;
				IPHONEOS_DEPLOYMENT_TARGET = 9.3;
				MTL_ENABLE_DEBUG_INFO = YES;
				ONLY_ACTIVE_ARCH = YES;
				SDKROOT = iphoneos;
				SWIFT_OPTIMIZATION_LEVEL = "-Onone";
				TARGETED_DEVICE_FAMILY = "1,2";
			};
			name = Debug;
		};
		3A11EF581CA9699C00AC86C0 /* Release */ = {
			isa = XCBuildConfiguration;
			buildSettings = {
				ALWAYS_SEARCH_USER_PATHS = NO;
				CLANG_ANALYZER_NONNULL = YES;
				CLANG_CXX_LANGUAGE_STANDARD = "gnu++0x";
				CLANG_CXX_LIBRARY = "libc++";
				CLANG_ENABLE_MODULES = YES;
				CLANG_ENABLE_OBJC_ARC = YES;
				CLANG_WARN_BOOL_CONVERSION = YES;
				CLANG_WARN_CONSTANT_CONVERSION = YES;
				CLANG_WARN_DIRECT_OBJC_ISA_USAGE = YES_ERROR;
				CLANG_WARN_EMPTY_BODY = YES;
				CLANG_WARN_ENUM_CONVERSION = YES;
				CLANG_WARN_INT_CONVERSION = YES;
				CLANG_WARN_OBJC_ROOT_CLASS = YES_ERROR;
				CLANG_WARN_UNREACHABLE_CODE = YES;
				CLANG_WARN__DUPLICATE_METHOD_MATCH = YES;
				"CODE_SIGN_IDENTITY[sdk=iphoneos*]" = "iPhone Developer";
				COPY_PHASE_STRIP = NO;
				DEBUG_INFORMATION_FORMAT = "dwarf-with-dsym";
				ENABLE_NS_ASSERTIONS = NO;
				ENABLE_STRICT_OBJC_MSGSEND = YES;
				GCC_C_LANGUAGE_STANDARD = gnu99;
				GCC_NO_COMMON_BLOCKS = YES;
				GCC_WARN_64_TO_32_BIT_CONVERSION = YES;
				GCC_WARN_ABOUT_RETURN_TYPE = YES_ERROR;
				GCC_WARN_UNDECLARED_SELECTOR = YES;
				GCC_WARN_UNINITIALIZED_AUTOS = YES_AGGRESSIVE;
				GCC_WARN_UNUSED_FUNCTION = YES;
				GCC_WARN_UNUSED_VARIABLE = YES;
				IPHONEOS_DEPLOYMENT_TARGET = 9.3;
				MTL_ENABLE_DEBUG_INFO = NO;
				SDKROOT = iphoneos;
				TARGETED_DEVICE_FAMILY = "1,2";
				VALIDATE_PRODUCT = YES;
			};
			name = Release;
		};
		3A11EF5A1CA9699C00AC86C0 /* Debug */ = {
			isa = XCBuildConfiguration;
			buildSettings = {
				ASSETCATALOG_COMPILER_APPICON_NAME = AppIcon;
				INFOPLIST_FILE = queens_swift/Info.plist;
				LD_RUNPATH_SEARCH_PATHS = "$(inherited) @executable_path/Frameworks";
				PRODUCT_BUNDLE_IDENTIFIER = "tt.queens-swift";
				PRODUCT_NAME = "$(TARGET_NAME)";
			};
			name = Debug;
		};
		3A11EF5B1CA9699C00AC86C0 /* Release */ = {
			isa = XCBuildConfiguration;
			buildSettings = {
				ASSETCATALOG_COMPILER_APPICON_NAME = AppIcon;
				INFOPLIST_FILE = queens_swift/Info.plist;
				LD_RUNPATH_SEARCH_PATHS = "$(inherited) @executable_path/Frameworks";
				PRODUCT_BUNDLE_IDENTIFIER = "tt.queens-swift";
				PRODUCT_NAME = "$(TARGET_NAME)";
			};
			name = Release;
		};
		3A11EF5D1CA9699C00AC86C0 /* Debug */ = {
			isa = XCBuildConfiguration;
			buildSettings = {
				BUNDLE_LOADER = "$(TEST_HOST)";
				INFOPLIST_FILE = queens_swiftTests/Info.plist;
				LD_RUNPATH_SEARCH_PATHS = "$(inherited) @executable_path/Frameworks @loader_path/Frameworks";
				PRODUCT_BUNDLE_IDENTIFIER = "tt.queens-swiftTests";
				PRODUCT_NAME = "$(TARGET_NAME)";
				TEST_HOST = "$(BUILT_PRODUCTS_DIR)/queens_swift.app/queens_swift";
			};
			name = Debug;
		};
		3A11EF5E1CA9699C00AC86C0 /* Release */ = {
			isa = XCBuildConfiguration;
			buildSettings = {
				BUNDLE_LOADER = "$(TEST_HOST)";
				INFOPLIST_FILE = queens_swiftTests/Info.plist;
				LD_RUNPATH_SEARCH_PATHS = "$(inherited) @executable_path/Frameworks @loader_path/Frameworks";
				PRODUCT_BUNDLE_IDENTIFIER = "tt.queens-swiftTests";
				PRODUCT_NAME = "$(TARGET_NAME)";
				TEST_HOST = "$(BUILT_PRODUCTS_DIR)/queens_swift.app/queens_swift";
			};
			name = Release;
		};
		3A11EF601CA9699C00AC86C0 /* Debug */ = {
			isa = XCBuildConfiguration;
			buildSettings = {
				INFOPLIST_FILE = queens_swiftUITests/Info.plist;
				LD_RUNPATH_SEARCH_PATHS = "$(inherited) @executable_path/Frameworks @loader_path/Frameworks";
				PRODUCT_BUNDLE_IDENTIFIER = "tt.queens-swiftUITests";
				PRODUCT_NAME = "$(TARGET_NAME)";
				TEST_TARGET_NAME = queens_swift;
			};
			name = Debug;
		};
		3A11EF611CA9699C00AC86C0 /* Release */ = {
			isa = XCBuildConfiguration;
			buildSettings = {
				INFOPLIST_FILE = queens_swiftUITests/Info.plist;
				LD_RUNPATH_SEARCH_PATHS = "$(inherited) @executable_path/Frameworks @loader_path/Frameworks";
				PRODUCT_BUNDLE_IDENTIFIER = "tt.queens-swiftUITests";
				PRODUCT_NAME = "$(TARGET_NAME)";
				TEST_TARGET_NAME = queens_swift;
			};
			name = Release;
		};
/* End XCBuildConfiguration section */

/* Begin XCConfigurationList section */
		3A11EF2C1CA9699C00AC86C0 /* Build configuration list for PBXProject "queens_swift" */ = {
			isa = XCConfigurationList;
			buildConfigurations = (
				3A11EF571CA9699C00AC86C0 /* Debug */,
				3A11EF581CA9699C00AC86C0 /* Release */,
			);
			defaultConfigurationIsVisible = 0;
			defaultConfigurationName = Release;
		};
		3A11EF591CA9699C00AC86C0 /* Build configuration list for PBXNativeTarget "queens_swift" */ = {
			isa = XCConfigurationList;
			buildConfigurations = (
				3A11EF5A1CA9699C00AC86C0 /* Debug */,
				3A11EF5B1CA9699C00AC86C0 /* Release */,
			);
			defaultConfigurationIsVisible = 0;
		};
		3A11EF5C1CA9699C00AC86C0 /* Build configuration list for PBXNativeTarget "queens_swiftTests" */ = {
			isa = XCConfigurationList;
			buildConfigurations = (
				3A11EF5D1CA9699C00AC86C0 /* Debug */,
				3A11EF5E1CA9699C00AC86C0 /* Release */,
			);
			defaultConfigurationIsVisible = 0;
		};
		3A11EF5F1CA9699C00AC86C0 /* Build configuration list for PBXNativeTarget "queens_swiftUITests" */ = {
			isa = XCConfigurationList;
			buildConfigurations = (
				3A11EF601CA9699C00AC86C0 /* Debug */,
				3A11EF611CA9699C00AC86C0 /* Release */,
			);
			defaultConfigurationIsVisible = 0;
		};
/* End XCConfigurationList section */
	};
	rootObject = 3A11EF291CA9699C00AC86C0 /* Project object */;
}
